
Microsoft Visual Studio Solution File, Format Version 12.00
Project("{FAE04EC0-301F-11D3-BF4B-00C04F79EFBC}") = "FixitIngest.CLI", "FixitIngest.CLI\FixitIngest.CLI.csproj", "{1EB217C6-F1AD-4C9A-8590-3EF2782D3A06}"
EndProject
Project("{FAE04EC0-301F-11D3-BF4B-00C04F79EFBC}") = "Fixit.Parsers", "Fixit.Parsers\Fixit.Parsers.csproj", "{536C20E6-2A1D-4507-9B0A-A34443AFA38F}"
EndProject
Project("{FAE04EC0-301F-11D3-BF4B-00C04F79EFBC}") = "Fixit.Models", "Fixit.Models\Fixit.Models.csproj", "{39DB3D37-C0CC-46A6-BA69-7357A3B5C2DB}"
EndProject
Project("{FAE04EC0-301F-11D3-BF4B-00C04F79EFBC}") = "FixitIngest.Console", "FixitIngest.Console\FixitIngest.Console.csproj", "{57167A99-E240-407A-8D76-B00EC05F4DD6}"
EndProject
Global
	GlobalSection(SolutionConfigurationPlatforms) = preSolution
		Debug|Any CPU = Debug|Any CPU
		Release|Any CPU = Release|Any CPU
	EndGlobalSection
	GlobalSection(ProjectConfigurationPlatforms) = postSolution
		{1EB217C6-F1AD-4C9A-8590-3EF2782D3A06}.Debug|Any CPU.ActiveCfg = Debug|Any CPU
		{1EB217C6-F1AD-4C9A-8590-3EF2782D3A06}.Debug|Any CPU.Build.0 = Debug|Any CPU
		{1EB217C6-F1AD-4C9A-8590-3EF2782D3A06}.Release|Any CPU.ActiveCfg = Release|Any CPU
		{1EB217C6-F1AD-4C9A-8590-3EF2782D3A06}.Release|Any CPU.Build.0 = Release|Any CPU
		{536C20E6-2A1D-4507-9B0A-A34443AFA38F}.Debug|Any CPU.ActiveCfg = Debug|Any CPU
		{536C20E6-2A1D-4507-9B0A-A34443AFA38F}.Debug|Any CPU.Build.0 = Debug|Any CPU
		{536C20E6-2A1D-4507-9B0A-A34443AFA38F}.Release|Any CPU.ActiveCfg = Release|Any CPU
		{536C20E6-2A1D-4507-9B0A-A34443AFA38F}.Release|Any CPU.Build.0 = Release|Any CPU
		{39DB3D37-C0CC-46A6-BA69-7357A3B5C2DB}.Debug|Any CPU.ActiveCfg = Debug|Any CPU
		{39DB3D37-C0CC-46A6-BA69-7357A3B5C2DB}.Debug|Any CPU.Build.0 = Debug|Any CPU
		{39DB3D37-C0CC-46A6-BA69-7357A3B5C2DB}.Release|Any CPU.ActiveCfg = Release|Any CPU
		{39DB3D37-C0CC-46A6-BA69-7357A3B5C2DB}.Release|Any CPU.Build.0 = Release|Any CPU
		{57167A99-E240-407A-8D76-B00EC05F4DD6}.Debug|Any CPU.ActiveCfg = Debug|Any CPU
		{57167A99-E240-407A-8D76-B00EC05F4DD6}.Debug|Any CPU.Build.0 = Debug|Any CPU
		{57167A99-E240-407A-8D76-B00EC05F4DD6}.Release|Any CPU.ActiveCfg = Release|Any CPU
		{57167A99-E240-407A-8D76-B00EC05F4DD6}.Release|Any CPU.Build.0 = Release|Any CPU
	EndGlobalSection
EndGlobal
